
Microsoft Visual Studio Solution File, Format Version 12.00
# Visual Studio Version 17
VisualStudioVersion = 17.14.36518.9 d17.14
MinimumVisualStudioVersion = 10.0.40219.1
Project("{FAE04EC0-301F-11D3-BF4B-00C04F79EFBC}") = "Conduit.Tests", "Conduit.Tests.csproj", "{FA0B774A-A7F8-BEBA-9A6A-6FA932A21B7A}"
EndProject
Global
	GlobalSection(SolutionConfigurationPlatforms) = preSolution
		Debug|Any CPU = Debug|Any CPU
		Release|Any CPU = Release|Any CPU
	EndGlobalSection
	GlobalSection(ProjectConfigurationPlatforms) = postSolution
		{FA0B774A-A7F8-BEBA-9A6A-6FA932A21B7A}.Debug|Any CPU.ActiveCfg = Debug|Any CPU
		{FA0B774A-A7F8-BEBA-9A6A-6FA932A21B7A}.Debug|Any CPU.Build.0 = Debug|Any CPU
		{FA0B774A-A7F8-BEBA-9A6A-6FA932A21B7A}.Release|Any CPU.ActiveCfg = Release|Any CPU
		{FA0B774A-A7F8-BEBA-9A6A-6FA932A21B7A}.Release|Any CPU.Build.0 = Release|Any CPU
	EndGlobalSection
	GlobalSection(SolutionProperties) = preSolution
		HideSolutionNode = FALSE
	EndGlobalSection
	GlobalSection(ExtensibilityGlobals) = postSolution
		SolutionGuid = {AE134577-C554-4D79-8ECA-7C3C6FC7E0A4}
	EndGlobalSection
EndGlobal
